
Microsoft Visual Studio Solution File, Format Version 12.00
# Visual Studio 15
VisualStudioVersion = 15.0.28010.2019
MinimumVisualStudioVersion = 10.0.40219.1
Project("{FAE04EC0-301F-11D3-BF4B-00C04F79EFBC}") = "XF.ControlesBasicos.Android", "XF.ControlesBasicos\XF.ControlesBasicos.Android\XF.ControlesBasicos.Android.csproj", "{2AC0959C-139E-4B87-8DC4-98138D9A0C6B}"
EndProject
Project("{FAE04EC0-301F-11D3-BF4B-00C04F79EFBC}") = "XF.ControlesBasicos.iOS", "XF.ControlesBasicos\XF.ControlesBasicos.iOS\XF.ControlesBasicos.iOS.csproj", "{DB7A4CA7-4663-42B9-AC32-3D144401D905}"
EndProject
Project("{FAE04EC0-301F-11D3-BF4B-00C04F79EFBC}") = "XF.ControlesBasicos", "XF.ControlesBasicos\XF.ControlesBasicos\XF.ControlesBasicos.csproj", "{4DF11AA8-5C66-4183-BA60-EB4EC1921F19}"
EndProject
Global
	GlobalSection(SolutionConfigurationPlatforms) = preSolution
		Ad-Hoc|Any CPU = Ad-Hoc|Any CPU
		Ad-Hoc|iPhone = Ad-Hoc|iPhone
		Ad-Hoc|iPhoneSimulator = Ad-Hoc|iPhoneSimulator
		AppStore|Any CPU = AppStore|Any CPU
		AppStore|iPhone = AppStore|iPhone
		AppStore|iPhoneSimulator = AppStore|iPhoneSimulator
		Debug|Any CPU = Debug|Any CPU
		Debug|iPhone = Debug|iPhone
		Debug|iPhoneSimulator = Debug|iPhoneSimulator
		Release|Any CPU = Release|Any CPU
		Release|iPhone = Release|iPhone
		Release|iPhoneSimulator = Release|iPhoneSimulator
	EndGlobalSection
	GlobalSection(ProjectConfigurationPlatforms) = postSolution
		{2AC0959C-139E-4B87-8DC4-98138D9A0C6B}.Ad-Hoc|Any CPU.ActiveCfg = Release|Any CPU
		{2AC0959C-139E-4B87-8DC4-98138D9A0C6B}.Ad-Hoc|Any CPU.Build.0 = Release|Any CPU
		{2AC0959C-139E-4B87-8DC4-98138D9A0C6B}.Ad-Hoc|Any CPU.Deploy.0 = Release|Any CPU
		{2AC0959C-139E-4B87-8DC4-98138D9A0C6B}.Ad-Hoc|iPhone.ActiveCfg = Release|Any CPU
		{2AC0959C-139E-4B87-8DC4-98138D9A0C6B}.Ad-Hoc|iPhone.Build.0 = Release|Any CPU
		{2AC0959C-139E-4B87-8DC4-98138D9A0C6B}.Ad-Hoc|iPhone.Deploy.0 = Release|Any CPU
		{2AC0959C-139E-4B87-8DC4-98138D9A0C6B}.Ad-Hoc|iPhoneSimulator.ActiveCfg = Release|Any CPU
		{2AC0959C-139E-4B87-8DC4-98138D9A0C6B}.Ad-Hoc|iPhoneSimulator.Build.0 = Release|Any CPU
		{2AC0959C-139E-4B87-8DC4-98138D9A0C6B}.Ad-Hoc|iPhoneSimulator.Deploy.0 = Release|Any CPU
		{2AC0959C-139E-4B87-8DC4-98138D9A0C6B}.AppStore|Any CPU.ActiveCfg = Release|Any CPU
		{2AC0959C-139E-4B87-8DC4-98138D9A0C6B}.AppStore|Any CPU.Build.0 = Release|Any CPU
		{2AC0959C-139E-4B87-8DC4-98138D9A0C6B}.AppStore|Any CPU.Deploy.0 = Release|Any CPU
		{2AC0959C-139E-4B87-8DC4-98138D9A0C6B}.AppStore|iPhone.ActiveCfg = Release|Any CPU
		{2AC0959C-139E-4B87-8DC4-98138D9A0C6B}.AppStore|iPhone.Build.0 = Release|Any CPU
		{2AC0959C-139E-4B87-8DC4-98138D9A0C6B}.AppStore|iPhone.Deploy.0 = Release|Any CPU
		{2AC0959C-139E-4B87-8DC4-98138D9A0C6B}.AppStore|iPhoneSimulator.ActiveCfg = Release|Any CPU
		{2AC0959C-139E-4B87-8DC4-98138D9A0C6B}.AppStore|iPhoneSimulator.Build.0 = Release|Any CPU
		{2AC0959C-139E-4B87-8DC4-98138D9A0C6B}.AppStore|iPhoneSimulator.Deploy.0 = Release|Any CPU
		{2AC0959C-139E-4B87-8DC4-98138D9A0C6B}.Debug|Any CPU.ActiveCfg = Debug|Any CPU
		{2AC0959C-139E-4B87-8DC4-98138D9A0C6B}.Debug|Any CPU.Build.0 = Debug|Any CPU
		{2AC0959C-139E-4B87-8DC4-98138D9A0C6B}.Debug|Any CPU.Deploy.0 = Debug|Any CPU
		{2AC0959C-139E-4B87-8DC4-98138D9A0C6B}.Debug|iPhone.ActiveCfg = Debug|Any CPU
		{2AC0959C-139E-4B87-8DC4-98138D9A0C6B}.Debug|iPhone.Build.0 = Debug|Any CPU
		{2AC0959C-139E-4B87-8DC4-98138D9A0C6B}.Debug|iPhone.Deploy.0 = Debug|Any CPU
		{2AC0959C-139E-4B87-8DC4-98138D9A0C6B}.Debug|iPhoneSimulator.ActiveCfg = Debug|Any CPU
		{2AC0959C-139E-4B87-8DC4-98138D9A0C6B}.Debug|iPhoneSimulator.Build.0 = Debug|Any CPU
		{2AC0959C-139E-4B87-8DC4-98138D9A0C6B}.Debug|iPhoneSimulator.Deploy.0 = Debug|Any CPU
		{2AC0959C-139E-4B87-8DC4-98138D9A0C6B}.Release|Any CPU.ActiveCfg = Release|Any CPU
		{2AC0959C-139E-4B87-8DC4-98138D9A0C6B}.Release|Any CPU.Build.0 = Release|Any CPU
		{2AC0959C-139E-4B87-8DC4-98138D9A0C6B}.Release|Any CPU.Deploy.0 = Release|Any CPU
		{2AC0959C-139E-4B87-8DC4-98138D9A0C6B}.Release|iPhone.ActiveCfg = Release|Any CPU
		{2AC0959C-139E-4B87-8DC4-98138D9A0C6B}.Release|iPhone.Build.0 = Release|Any CPU
		{2AC0959C-139E-4B87-8DC4-98138D9A0C6B}.Release|iPhone.Deploy.0 = Release|Any CPU
		{2AC0959C-139E-4B87-8DC4-98138D9A0C6B}.Release|iPhoneSimulator.ActiveCfg = Release|Any CPU
		{2AC0959C-139E-4B87-8DC4-98138D9A0C6B}.Release|iPhoneSimulator.Build.0 = Release|Any CPU
		{2AC0959C-139E-4B87-8DC4-98138D9A0C6B}.Release|iPhoneSimulator.Deploy.0 = Release|Any CPU
		{DB7A4CA7-4663-42B9-AC32-3D144401D905}.Ad-Hoc|Any CPU.ActiveCfg = Ad-Hoc|iPhone
		{DB7A4CA7-4663-42B9-AC32-3D144401D905}.Ad-Hoc|Any CPU.Build.0 = Ad-Hoc|iPhone
		{DB7A4CA7-4663-42B9-AC32-3D144401D905}.Ad-Hoc|Any CPU.Deploy.0 = Ad-Hoc|iPhone
		{DB7A4CA7-4663-42B9-AC32-3D144401D905}.Ad-Hoc|iPhone.ActiveCfg = Ad-Hoc|iPhone
		{DB7A4CA7-4663-42B9-AC32-3D144401D905}.Ad-Hoc|iPhone.Build.0 = Ad-Hoc|iPhone
		{DB7A4CA7-4663-42B9-AC32-3D144401D905}.Ad-Hoc|iPhone.Deploy.0 = Ad-Hoc|iPhone
		{DB7A4CA7-4663-42B9-AC32-3D144401D905}.Ad-Hoc|iPhoneSimulator.ActiveCfg = Ad-Hoc|iPhoneSimulator
		{DB7A4CA7-4663-42B9-AC32-3D144401D905}.Ad-Hoc|iPhoneSimulator.Build.0 = Ad-Hoc|iPhoneSimulator
		{DB7A4CA7-4663-42B9-AC32-3D144401D905}.Ad-Hoc|iPhoneSimulator.Deploy.0 = Ad-Hoc|iPhoneSimulator
		{DB7A4CA7-4663-42B9-AC32-3D144401D905}.AppStore|Any CPU.ActiveCfg = AppStore|iPhone
		{DB7A4CA7-4663-42B9-AC32-3D144401D905}.AppStore|Any CPU.Build.0 = AppStore|iPhone
		{DB7A4CA7-4663-42B9-AC32-3D144401D905}.AppStore|Any CPU.Deploy.0 = AppStore|iPhone
		{DB7A4CA7-4663-42B9-AC32-3D144401D905}.AppStore|iPhone.ActiveCfg = AppStore|iPhone
		{DB7A4CA7-4663-42B9-AC32-3D144401D905}.AppStore|iPhone.Build.0 = AppStore|iPhone
		{DB7A4CA7-4663-42B9-AC32-3D144401D905}.AppStore|iPhone.Deploy.0 = AppStore|iPhone
		{DB7A4CA7-4663-42B9-AC32-3D144401D905}.AppStore|iPhoneSimulator.ActiveCfg = AppStore|iPhoneSimulator
		{DB7A4CA7-4663-42B9-AC32-3D144401D905}.AppStore|iPhoneSimulator.Build.0 = AppStore|iPhoneSimulator
		{DB7A4CA7-4663-42B9-AC32-3D144401D905}.AppStore|iPhoneSimulator.Deploy.0 = AppStore|iPhoneSimulator
		{DB7A4CA7-4663-42B9-AC32-3D144401D905}.Debug|Any CPU.ActiveCfg = Debug|iPhoneSimulator
		{DB7A4CA7-4663-42B9-AC32-3D144401D905}.Debug|Any CPU.Build.0 = Debug|iPhoneSimulator
		{DB7A4CA7-4663-42B9-AC32-3D144401D905}.Debug|Any CPU.Deploy.0 = Debug|iPhoneSimulator
		{DB7A4CA7-4663-42B9-AC32-3D144401D905}.Debug|iPhone.ActiveCfg = Debug|iPhone
		{DB7A4CA7-4663-42B9-AC32-3D144401D905}.Debug|iPhone.Build.0 = Debug|iPhone
		{DB7A4CA7-4663-42B9-AC32-3D144401D905}.Debug|iPhone.Deploy.0 = Debug|iPhone
		{DB7A4CA7-4663-42B9-AC32-3D144401D905}.Debug|iPhoneSimulator.ActiveCfg = Debug|iPhoneSimulator
		{DB7A4CA7-4663-42B9-AC32-3D144401D905}.Debug|iPhoneSimulator.Build.0 = Debug|iPhoneSimulator
		{DB7A4CA7-4663-42B9-AC32-3D144401D905}.Debug|iPhoneSimulator.Deploy.0 = Debug|iPhoneSimulator
		{DB7A4CA7-4663-42B9-AC32-3D144401D905}.Release|Any CPU.ActiveCfg = Release|iPhone
		{DB7A4CA7-4663-42B9-AC32-3D144401D905}.Release|Any CPU.Build.0 = Release|iPhone
		{DB7A4CA7-4663-42B9-AC32-3D144401D905}.Release|Any CPU.Deploy.0 = Release|iPhone
		{DB7A4CA7-4663-42B9-AC32-3D144401D905}.Release|iPhone.ActiveCfg = Release|iPhone
		{DB7A4CA7-4663-42B9-AC32-3D144401D905}.Release|iPhone.Build.0 = Release|iPhone
		{DB7A4CA7-4663-42B9-AC32-3D144401D905}.Release|iPhone.Deploy.0 = Release|iPhone
		{DB7A4CA7-4663-42B9-AC32-3D144401D905}.Release|iPhoneSimulator.ActiveCfg = Release|iPhoneSimulator
		{DB7A4CA7-4663-42B9-AC32-3D144401D905}.Release|iPhoneSimulator.Build.0 = Release|iPhoneSimulator
		{DB7A4CA7-4663-42B9-AC32-3D144401D905}.Release|iPhoneSimulator.Deploy.0 = Release|iPhoneSimulator
		{4DF11AA8-5C66-4183-BA60-EB4EC1921F19}.Ad-Hoc|Any CPU.ActiveCfg = Debug|Any CPU
		{4DF11AA8-5C66-4183-BA60-EB4EC1921F19}.Ad-Hoc|Any CPU.Build.0 = Debug|Any CPU
		{4DF11AA8-5C66-4183-BA60-EB4EC1921F19}.Ad-Hoc|Any CPU.Deploy.0 = Debug|Any CPU
		{4DF11AA8-5C66-4183-BA60-EB4EC1921F19}.Ad-Hoc|iPhone.ActiveCfg = Debug|Any CPU
		{4DF11AA8-5C66-4183-BA60-EB4EC1921F19}.Ad-Hoc|iPhone.Build.0 = Debug|Any CPU
		{4DF11AA8-5C66-4183-BA60-EB4EC1921F19}.Ad-Hoc|iPhone.Deploy.0 = Debug|Any CPU
		{4DF11AA8-5C66-4183-BA60-EB4EC1921F19}.Ad-Hoc|iPhoneSimulator.ActiveCfg = Debug|Any CPU
		{4DF11AA8-5C66-4183-BA60-EB4EC1921F19}.Ad-Hoc|iPhoneSimulator.Build.0 = Debug|Any CPU
		{4DF11AA8-5C66-4183-BA60-EB4EC1921F19}.Ad-Hoc|iPhoneSimulator.Deploy.0 = Debug|Any CPU
		{4DF11AA8-5C66-4183-BA60-EB4EC1921F19}.AppStore|Any CPU.ActiveCfg = Debug|Any CPU
		{4DF11AA8-5C66-4183-BA60-EB4EC1921F19}.AppStore|Any CPU.Build.0 = Debug|Any CPU
		{4DF11AA8-5C66-4183-BA60-EB4EC1921F19}.AppStore|Any CPU.Deploy.0 = Debug|Any CPU
		{4DF11AA8-5C66-4183-BA60-EB4EC1921F19}.AppStore|iPhone.ActiveCfg = Debug|Any CPU
		{4DF11AA8-5C66-4183-BA60-EB4EC1921F19}.AppStore|iPhone.Build.0 = Debug|Any CPU
		{4DF11AA8-5C66-4183-BA60-EB4EC1921F19}.AppStore|iPhone.Deploy.0 = Debug|Any CPU
		{4DF11AA8-5C66-4183-BA60-EB4EC1921F19}.AppStore|iPhoneSimulator.ActiveCfg = Debug|Any CPU
		{4DF11AA8-5C66-4183-BA60-EB4EC1921F19}.AppStore|iPhoneSimulator.Build.0 = Debug|Any CPU
		{4DF11AA8-5C66-4183-BA60-EB4EC1921F19}.AppStore|iPhoneSimulator.Deploy.0 = Debug|Any CPU
		{4DF11AA8-5C66-4183-BA60-EB4EC1921F19}.Debug|Any CPU.ActiveCfg = Debug|Any CPU
		{4DF11AA8-5C66-4183-BA60-EB4EC1921F19}.Debug|Any CPU.Build.0 = Debug|Any CPU
		{4DF11AA8-5C66-4183-BA60-EB4EC1921F19}.Debug|Any CPU.Deploy.0 = Debug|Any CPU
		{4DF11AA8-5C66-4183-BA60-EB4EC1921F19}.Debug|iPhone.ActiveCfg = Debug|Any CPU
		{4DF11AA8-5C66-4183-BA60-EB4EC1921F19}.Debug|iPhone.Build.0 = Debug|Any CPU
		{4DF11AA8-5C66-4183-BA60-EB4EC1921F19}.Debug|iPhone.Deploy.0 = Debug|Any CPU
		{4DF11AA8-5C66-4183-BA60-EB4EC1921F19}.Debug|iPhoneSimulator.ActiveCfg = Debug|Any CPU
		{4DF11AA8-5C66-4183-BA60-EB4EC1921F19}.Debug|iPhoneSimulator.Build.0 = Debug|Any CPU
		{4DF11AA8-5C66-4183-BA60-EB4EC1921F19}.Debug|iPhoneSimulator.Deploy.0 = Debug|Any CPU
		{4DF11AA8-5C66-4183-BA60-EB4EC1921F19}.Release|Any CPU.ActiveCfg = Release|Any CPU
		{4DF11AA8-5C66-4183-BA60-EB4EC1921F19}.Release|Any CPU.Build.0 = Release|Any CPU
		{4DF11AA8-5C66-4183-BA60-EB4EC1921F19}.Release|Any CPU.Deploy.0 = Release|Any CPU
		{4DF11AA8-5C66-4183-BA60-EB4EC1921F19}.Release|iPhone.ActiveCfg = Release|Any CPU
		{4DF11AA8-5C66-4183-BA60-EB4EC1921F19}.Release|iPhone.Build.0 = Release|Any CPU
		{4DF11AA8-5C66-4183-BA60-EB4EC1921F19}.Release|iPhone.Deploy.0 = Release|Any CPU
		{4DF11AA8-5C66-4183-BA60-EB4EC1921F19}.Release|iPhoneSimulator.ActiveCfg = Release|Any CPU
		{4DF11AA8-5C66-4183-BA60-EB4EC1921F19}.Release|iPhoneSimulator.Build.0 = Release|Any CPU
		{4DF11AA8-5C66-4183-BA60-EB4EC1921F19}.Release|iPhoneSimulator.Deploy.0 = Release|Any CPU
	EndGlobalSection
	GlobalSection(SolutionProperties) = preSolution
		HideSolutionNode = FALSE
	EndGlobalSection
	GlobalSection(ExtensibilityGlobals) = postSolution
		SolutionGuid = {B5D04C9A-1742-4BE6-A49A-9C2608C2F1B0}
	EndGlobalSection
EndGlobal
